
Microsoft Visual Studio Solution File, Format Version 12.00
# Visual Studio 15
VisualStudioVersion = 15.0.27004.2009
MinimumVisualStudioVersion = 10.0.40219.1
Project("{FAE04EC0-301F-11D3-BF4B-00C04F79EFBC}") = "WebStore", "WebStore\WebStore.csproj", "{471BB44D-AD6F-4911-B6A2-71E9FDAD7814}"
EndProject
Global
	GlobalSection(SolutionConfigurationPlatforms) = preSolution
		Debug|Any CPU = Debug|Any CPU
		Release|Any CPU = Release|Any CPU
	EndGlobalSection
	GlobalSection(ProjectConfigurationPlatforms) = postSolution
		{471BB44D-AD6F-4911-B6A2-71E9FDAD7814}.Debug|Any CPU.ActiveCfg = Debug|Any CPU
		{471BB44D-AD6F-4911-B6A2-71E9FDAD7814}.Debug|Any CPU.Build.0 = Debug|Any CPU
		{471BB44D-AD6F-4911-B6A2-71E9FDAD7814}.Release|Any CPU.ActiveCfg = Release|Any CPU
		{471BB44D-AD6F-4911-B6A2-71E9FDAD7814}.Release|Any CPU.Build.0 = Release|Any CPU
	EndGlobalSection
	GlobalSection(SolutionProperties) = preSolution
		HideSolutionNode = FALSE
	EndGlobalSection
	GlobalSection(ExtensibilityGlobals) = postSolution
		SolutionGuid = {CF65141B-FF1F-449D-BF32-46CDF586A819}
	EndGlobalSection
EndGlobal
